<?xml version="1.0" encoding="UTF-8"?>
<Scheme
   version = "1.3">
   <BuildAction>
      <BuildActionEntries>
         <BuildActionEntry
            buildForRunning = "YES">
            <BuildableReference
               BuildableIdentifier = "primary"
               BlueprintIdentifier = "BA01BB7E4DCEFA79C06DECF2"
               BuildableName = "magic8ball.app"
               BlueprintName = "magic8ball"
               ReferencedContainer = "container:magic8ball.xcodeproj">
            </BuildableReference>
         </BuildActionEntry>
      </BuildActionEntries>
   </BuildAction>
   <LaunchAction
      useCustomWorkingDirectory = "NO"
      buildConfiguration = "Debug">
      <BuildableProductRunnable>
         <BuildableReference
            BuildableIdentifier = "primary"
            BlueprintIdentifier = "BA01BB7E4DCEFA79C06DECF2"
            BuildableName = "magic8ball.app"
            BlueprintName = "magic8ball"
            ReferencedContainer = "container:magic8ball.xcodeproj">
         </BuildableReference>
      </BuildableProductRunnable>
   </LaunchAction>
</Scheme>
